
Microsoft Visual Studio Solution File, Format Version 12.00
# Visual Studio Version 17
VisualStudioVersion = 17.7.34003.232
MinimumVisualStudioVersion = 10.0.40219.1
Project("{8BC9CEB8-8B4A-11D0-8D11-00A0C91BC942}") = "program", "program.vcxproj", "{53895B6F-9840-4B22-A9F0-E27CC1B917C5}"
EndProject
Project("{8BC9CEB8-8B4A-11D0-8D11-00A0C91BC942}") = "Class1th (Ture Complesty & Space Complesty )", "..\Class1th (Ture Complesty & Space Complesty )\Class1th (Ture Complesty & Space Complesty ).vcxproj", "{7AEFAA5C-7269-48F2-BC6D-6ABF7F3D9DFF}"
EndProject
Project("{8BC9CEB8-8B4A-11D0-8D11-00A0C91BC942}") = "Class2th (Brute Force)", "..\Class2th (Brute Force)\Class2th (Brute Force).vcxproj", "{FACA16EE-13D3-4DAF-8F58-12E79595213D}"
EndProject
Project("{8BC9CEB8-8B4A-11D0-8D11-00A0C91BC942}") = "Class3th (Bubble Sort)", "..\Class3th (Bubble Sort)\Class3th (Bubble Sort).vcxproj", "{9D9C4DAB-72A7-4943-B13F-01BD88B11C0D}"
EndProject
Project("{8BC9CEB8-8B4A-11D0-8D11-00A0C91BC942}") = "Class4th (Select Sort)", "..\Class4th (Select Sort)\Class4th (Select Sort).vcxproj", "{1B1758CC-5A5E-4E2B-82BB-EB41059E1BF5}"
EndProject
Project("{8BC9CEB8-8B4A-11D0-8D11-00A0C91BC942}") = "Class5th (Insert Sort)", "..\Class5th (Insert Sort)\Class5th (Insert Sort).vcxproj", "{0388813D-518E-485C-AA51-AE8F6E5A85CC}"
EndProject
Project("{8BC9CEB8-8B4A-11D0-8D11-00A0C91BC942}") = "Class6th (Euclidean)", "..\Class6th (Euclidean)\Class6th (Euclidean).vcxproj", "{0283A741-FC0A-46A1-ACED-C6AD75AFAC54}"
EndProject
Project("{8BC9CEB8-8B4A-11D0-8D11-00A0C91BC942}") = "Class7th (Slieve of Eratostheres)", "..\Class7th (Slieve of Eratostheres)\Class7th (Slieve of Eratostheres).vcxproj", "{D0931A11-AD6B-4FC7-A802-635A9400D75B}"
EndProject
Project("{8BC9CEB8-8B4A-11D0-8D11-00A0C91BC942}") = "Class8th (Count Sort)", "..\Class8th (Count Sort)\Class8th (Count Sort).vcxproj", "{AF403EA5-7AD2-4F43-8153-0A6D1BDAC7BF}"
EndProject
Project("{8BC9CEB8-8B4A-11D0-8D11-00A0C91BC942}") = "Class9th (Divide and conquer)", "..\Class9th (Divide and conquer)\Class9th (Divide and conquer).vcxproj", "{2F6F1DA4-127E-454B-B6AC-31D9D3D37DE5}"
EndProject
Project("{8BC9CEB8-8B4A-11D0-8D11-00A0C91BC942}") = "Class10th (Binary Search)", "..\Class10th (Binary Search)\Class10th (Binary Search).vcxproj", "{C5F773FC-AD5E-4914-BB9B-E2488800721A}"
EndProject
Project("{8BC9CEB8-8B4A-11D0-8D11-00A0C91BC942}") = "Class11th (Quick Sort)", "..\Class11th (Quick Sort)\Class11th (Quick Sort).vcxproj", "{1218D752-8CE3-4933-B063-08E12EC10E36}"
EndProject
Project("{8BC9CEB8-8B4A-11D0-8D11-00A0C91BC942}") = "Class12th (Marge Sort)", "..\Class12th (Marge Sort)\Class12th (Marge Sort).vcxproj", "{8740C451-C4F5-44C4-8C62-7A34B5C49C3C}"
EndProject
Project("{8BC9CEB8-8B4A-11D0-8D11-00A0C91BC942}") = "Class13th (Dynamic Programming)", "..\Class13th (Dynamic Programming)\Class13th (Dynamic Programming).vcxproj", "{F573A998-77DE-4DCE-8535-68FE94350582}"
EndProject
Global
	GlobalSection(SolutionConfigurationPlatforms) = preSolution
		Debug|x64 = Debug|x64
		Debug|x86 = Debug|x86
		Release|x64 = Release|x64
		Release|x86 = Release|x86
	EndGlobalSection
	GlobalSection(ProjectConfigurationPlatforms) = postSolution
		{53895B6F-9840-4B22-A9F0-E27CC1B917C5}.Debug|x64.ActiveCfg = Debug|x64
		{53895B6F-9840-4B22-A9F0-E27CC1B917C5}.Debug|x64.Build.0 = Debug|x64
		{53895B6F-9840-4B22-A9F0-E27CC1B917C5}.Debug|x86.ActiveCfg = Debug|Win32
		{53895B6F-9840-4B22-A9F0-E27CC1B917C5}.Debug|x86.Build.0 = Debug|Win32
		{53895B6F-9840-4B22-A9F0-E27CC1B917C5}.Release|x64.ActiveCfg = Release|x64
		{53895B6F-9840-4B22-A9F0-E27CC1B917C5}.Release|x64.Build.0 = Release|x64
		{53895B6F-9840-4B22-A9F0-E27CC1B917C5}.Release|x86.ActiveCfg = Release|Win32
		{53895B6F-9840-4B22-A9F0-E27CC1B917C5}.Release|x86.Build.0 = Release|Win32
		{7AEFAA5C-7269-48F2-BC6D-6ABF7F3D9DFF}.Debug|x64.ActiveCfg = Debug|x64
		{7AEFAA5C-7269-48F2-BC6D-6ABF7F3D9DFF}.Debug|x64.Build.0 = Debug|x64
		{7AEFAA5C-7269-48F2-BC6D-6ABF7F3D9DFF}.Debug|x86.ActiveCfg = Debug|Win32
		{7AEFAA5C-7269-48F2-BC6D-6ABF7F3D9DFF}.Debug|x86.Build.0 = Debug|Win32
		{7AEFAA5C-7269-48F2-BC6D-6ABF7F3D9DFF}.Release|x64.ActiveCfg = Release|x64
		{7AEFAA5C-7269-48F2-BC6D-6ABF7F3D9DFF}.Release|x64.Build.0 = Release|x64
		{7AEFAA5C-7269-48F2-BC6D-6ABF7F3D9DFF}.Release|x86.ActiveCfg = Release|Win32
		{7AEFAA5C-7269-48F2-BC6D-6ABF7F3D9DFF}.Release|x86.Build.0 = Release|Win32
		{FACA16EE-13D3-4DAF-8F58-12E79595213D}.Debug|x64.ActiveCfg = Debug|x64
		{FACA16EE-13D3-4DAF-8F58-12E79595213D}.Debug|x64.Build.0 = Debug|x64
		{FACA16EE-13D3-4DAF-8F58-12E79595213D}.Debug|x86.ActiveCfg = Debug|Win32
		{FACA16EE-13D3-4DAF-8F58-12E79595213D}.Debug|x86.Build.0 = Debug|Win32
		{FACA16EE-13D3-4DAF-8F58-12E79595213D}.Release|x64.ActiveCfg = Release|x64
		{FACA16EE-13D3-4DAF-8F58-12E79595213D}.Release|x64.Build.0 = Release|x64
		{FACA16EE-13D3-4DAF-8F58-12E79595213D}.Release|x86.ActiveCfg = Release|Win32
		{FACA16EE-13D3-4DAF-8F58-12E79595213D}.Release|x86.Build.0 = Release|Win32
		{9D9C4DAB-72A7-4943-B13F-01BD88B11C0D}.Debug|x64.ActiveCfg = Debug|x64
		{9D9C4DAB-72A7-4943-B13F-01BD88B11C0D}.Debug|x64.Build.0 = Debug|x64
		{9D9C4DAB-72A7-4943-B13F-01BD88B11C0D}.Debug|x86.ActiveCfg = Debug|Win32
		{9D9C4DAB-72A7-4943-B13F-01BD88B11C0D}.Debug|x86.Build.0 = Debug|Win32
		{9D9C4DAB-72A7-4943-B13F-01BD88B11C0D}.Release|x64.ActiveCfg = Release|x64
		{9D9C4DAB-72A7-4943-B13F-01BD88B11C0D}.Release|x64.Build.0 = Release|x64
		{9D9C4DAB-72A7-4943-B13F-01BD88B11C0D}.Release|x86.ActiveCfg = Release|Win32
		{9D9C4DAB-72A7-4943-B13F-01BD88B11C0D}.Release|x86.Build.0 = Release|Win32
		{1B1758CC-5A5E-4E2B-82BB-EB41059E1BF5}.Debug|x64.ActiveCfg = Debug|x64
		{1B1758CC-5A5E-4E2B-82BB-EB41059E1BF5}.Debug|x64.Build.0 = Debug|x64
		{1B1758CC-5A5E-4E2B-82BB-EB41059E1BF5}.Debug|x86.ActiveCfg = Debug|Win32
		{1B1758CC-5A5E-4E2B-82BB-EB41059E1BF5}.Debug|x86.Build.0 = Debug|Win32
		{1B1758CC-5A5E-4E2B-82BB-EB41059E1BF5}.Release|x64.ActiveCfg = Release|x64
		{1B1758CC-5A5E-4E2B-82BB-EB41059E1BF5}.Release|x64.Build.0 = Release|x64
		{1B1758CC-5A5E-4E2B-82BB-EB41059E1BF5}.Release|x86.ActiveCfg = Release|Win32
		{1B1758CC-5A5E-4E2B-82BB-EB41059E1BF5}.Release|x86.Build.0 = Release|Win32
		{0388813D-518E-485C-AA51-AE8F6E5A85CC}.Debug|x64.ActiveCfg = Debug|x64
		{0388813D-518E-485C-AA51-AE8F6E5A85CC}.Debug|x64.Build.0 = Debug|x64
		{0388813D-518E-485C-AA51-AE8F6E5A85CC}.Debug|x86.ActiveCfg = Debug|Win32
		{0388813D-518E-485C-AA51-AE8F6E5A85CC}.Debug|x86.Build.0 = Debug|Win32
		{0388813D-518E-485C-AA51-AE8F6E5A85CC}.Release|x64.ActiveCfg = Release|x64
		{0388813D-518E-485C-AA51-AE8F6E5A85CC}.Release|x64.Build.0 = Release|x64
		{0388813D-518E-485C-AA51-AE8F6E5A85CC}.Release|x86.ActiveCfg = Release|Win32
		{0388813D-518E-485C-AA51-AE8F6E5A85CC}.Release|x86.Build.0 = Release|Win32
		{0283A741-FC0A-46A1-ACED-C6AD75AFAC54}.Debug|x64.ActiveCfg = Debug|x64
		{0283A741-FC0A-46A1-ACED-C6AD75AFAC54}.Debug|x64.Build.0 = Debug|x64
		{0283A741-FC0A-46A1-ACED-C6AD75AFAC54}.Debug|x86.ActiveCfg = Debug|Win32
		{0283A741-FC0A-46A1-ACED-C6AD75AFAC54}.Debug|x86.Build.0 = Debug|Win32
		{0283A741-FC0A-46A1-ACED-C6AD75AFAC54}.Release|x64.ActiveCfg = Release|x64
		{0283A741-FC0A-46A1-ACED-C6AD75AFAC54}.Release|x64.Build.0 = Release|x64
		{0283A741-FC0A-46A1-ACED-C6AD75AFAC54}.Release|x86.ActiveCfg = Release|Win32
		{0283A741-FC0A-46A1-ACED-C6AD75AFAC54}.Release|x86.Build.0 = Release|Win32
		{D0931A11-AD6B-4FC7-A802-635A9400D75B}.Debug|x64.ActiveCfg = Debug|x64
		{D0931A11-AD6B-4FC7-A802-635A9400D75B}.Debug|x64.Build.0 = Debug|x64
		{D0931A11-AD6B-4FC7-A802-635A9400D75B}.Debug|x86.ActiveCfg = Debug|Win32
		{D0931A11-AD6B-4FC7-A802-635A9400D75B}.Debug|x86.Build.0 = Debug|Win32
		{D0931A11-AD6B-4FC7-A802-635A9400D75B}.Release|x64.ActiveCfg = Release|x64
		{D0931A11-AD6B-4FC7-A802-635A9400D75B}.Release|x64.Build.0 = Release|x64
		{D0931A11-AD6B-4FC7-A802-635A9400D75B}.Release|x86.ActiveCfg = Release|Win32
		{D0931A11-AD6B-4FC7-A802-635A9400D75B}.Release|x86.Build.0 = Release|Win32
		{AF403EA5-7AD2-4F43-8153-0A6D1BDAC7BF}.Debug|x64.ActiveCfg = Debug|x64
		{AF403EA5-7AD2-4F43-8153-0A6D1BDAC7BF}.Debug|x64.Build.0 = Debug|x64
		{AF403EA5-7AD2-4F43-8153-0A6D1BDAC7BF}.Debug|x86.ActiveCfg = Debug|Win32
		{AF403EA5-7AD2-4F43-8153-0A6D1BDAC7BF}.Debug|x86.Build.0 = Debug|Win32
		{AF403EA5-7AD2-4F43-8153-0A6D1BDAC7BF}.Release|x64.ActiveCfg = Release|x64
		{AF403EA5-7AD2-4F43-8153-0A6D1BDAC7BF}.Release|x64.Build.0 = Release|x64
		{AF403EA5-7AD2-4F43-8153-0A6D1BDAC7BF}.Release|x86.ActiveCfg = Release|Win32
		{AF403EA5-7AD2-4F43-8153-0A6D1BDAC7BF}.Release|x86.Build.0 = Release|Win32
		{2F6F1DA4-127E-454B-B6AC-31D9D3D37DE5}.Debug|x64.ActiveCfg = Debug|x64
		{2F6F1DA4-127E-454B-B6AC-31D9D3D37DE5}.Debug|x64.Build.0 = Debug|x64
		{2F6F1DA4-127E-454B-B6AC-31D9D3D37DE5}.Debug|x86.ActiveCfg = Debug|Win32
		{2F6F1DA4-127E-454B-B6AC-31D9D3D37DE5}.Debug|x86.Build.0 = Debug|Win32
		{2F6F1DA4-127E-454B-B6AC-31D9D3D37DE5}.Release|x64.ActiveCfg = Release|x64
		{2F6F1DA4-127E-454B-B6AC-31D9D3D37DE5}.Release|x64.Build.0 = Release|x64
		{2F6F1DA4-127E-454B-B6AC-31D9D3D37DE5}.Release|x86.ActiveCfg = Release|Win32
		{2F6F1DA4-127E-454B-B6AC-31D9D3D37DE5}.Release|x86.Build.0 = Release|Win32
		{C5F773FC-AD5E-4914-BB9B-E2488800721A}.Debug|x64.ActiveCfg = Debug|x64
		{C5F773FC-AD5E-4914-BB9B-E2488800721A}.Debug|x64.Build.0 = Debug|x64
		{C5F773FC-AD5E-4914-BB9B-E2488800721A}.Debug|x86.ActiveCfg = Debug|Win32
		{C5F773FC-AD5E-4914-BB9B-E2488800721A}.Debug|x86.Build.0 = Debug|Win32
		{C5F773FC-AD5E-4914-BB9B-E2488800721A}.Release|x64.ActiveCfg = Release|x64
		{C5F773FC-AD5E-4914-BB9B-E2488800721A}.Release|x64.Build.0 = Release|x64
		{C5F773FC-AD5E-4914-BB9B-E2488800721A}.Release|x86.ActiveCfg = Release|Win32
		{C5F773FC-AD5E-4914-BB9B-E2488800721A}.Release|x86.Build.0 = Release|Win32
		{1218D752-8CE3-4933-B063-08E12EC10E36}.Debug|x64.ActiveCfg = Debug|x64
		{1218D752-8CE3-4933-B063-08E12EC10E36}.Debug|x64.Build.0 = Debug|x64
		{1218D752-8CE3-4933-B063-08E12EC10E36}.Debug|x86.ActiveCfg = Debug|Win32
		{1218D752-8CE3-4933-B063-08E12EC10E36}.Debug|x86.Build.0 = Debug|Win32
		{1218D752-8CE3-4933-B063-08E12EC10E36}.Release|x64.ActiveCfg = Release|x64
		{1218D752-8CE3-4933-B063-08E12EC10E36}.Release|x64.Build.0 = Release|x64
		{1218D752-8CE3-4933-B063-08E12EC10E36}.Release|x86.ActiveCfg = Release|Win32
		{1218D752-8CE3-4933-B063-08E12EC10E36}.Release|x86.Build.0 = Release|Win32
		{8740C451-C4F5-44C4-8C62-7A34B5C49C3C}.Debug|x64.ActiveCfg = Debug|x64
		{8740C451-C4F5-44C4-8C62-7A34B5C49C3C}.Debug|x64.Build.0 = Debug|x64
		{8740C451-C4F5-44C4-8C62-7A34B5C49C3C}.Debug|x86.ActiveCfg = Debug|Win32
		{8740C451-C4F5-44C4-8C62-7A34B5C49C3C}.Debug|x86.Build.0 = Debug|Win32
		{8740C451-C4F5-44C4-8C62-7A34B5C49C3C}.Release|x64.ActiveCfg = Release|x64
		{8740C451-C4F5-44C4-8C62-7A34B5C49C3C}.Release|x64.Build.0 = Release|x64
		{8740C451-C4F5-44C4-8C62-7A34B5C49C3C}.Release|x86.ActiveCfg = Release|Win32
		{8740C451-C4F5-44C4-8C62-7A34B5C49C3C}.Release|x86.Build.0 = Release|Win32
		{F573A998-77DE-4DCE-8535-68FE94350582}.Debug|x64.ActiveCfg = Debug|x64
		{F573A998-77DE-4DCE-8535-68FE94350582}.Debug|x64.Build.0 = Debug|x64
		{F573A998-77DE-4DCE-8535-68FE94350582}.Debug|x86.ActiveCfg = Debug|Win32
		{F573A998-77DE-4DCE-8535-68FE94350582}.Debug|x86.Build.0 = Debug|Win32
		{F573A998-77DE-4DCE-8535-68FE94350582}.Release|x64.ActiveCfg = Release|x64
		{F573A998-77DE-4DCE-8535-68FE94350582}.Release|x64.Build.0 = Release|x64
		{F573A998-77DE-4DCE-8535-68FE94350582}.Release|x86.ActiveCfg = Release|Win32
		{F573A998-77DE-4DCE-8535-68FE94350582}.Release|x86.Build.0 = Release|Win32
	EndGlobalSection
	GlobalSection(SolutionProperties) = preSolution
		HideSolutionNode = FALSE
	EndGlobalSection
	GlobalSection(ExtensibilityGlobals) = postSolution
		SolutionGuid = {B729128E-8A1C-481D-AC31-C6CDBB715299}
	EndGlobalSection
EndGlobal
