
Microsoft Visual Studio Solution File, Format Version 12.00
# Visual Studio Version 17
VisualStudioVersion = 17.7.34003.232
MinimumVisualStudioVersion = 10.0.40219.1
Project("{8BC9CEB8-8B4A-11D0-8D11-00A0C91BC942}") = "program", "program.vcxproj", "{53895B6F-9840-4B22-A9F0-E27CC1B917C5}"
EndProject
Project("{8BC9CEB8-8B4A-11D0-8D11-00A0C91BC942}") = "Class1th (Ture Complesty & Space Complesty )", "..\Class1th (Ture Complesty & Space Complesty )\Class1th (Ture Complesty & Space Complesty ).vcxproj", "{7AEFAA5C-7269-48F2-BC6D-6ABF7F3D9DFF}"
EndProject
Global
	GlobalSection(SolutionConfigurationPlatforms) = preSolution
		Debug|x64 = Debug|x64
		Debug|x86 = Debug|x86
		Release|x64 = Release|x64
		Release|x86 = Release|x86
	EndGlobalSection
	GlobalSection(ProjectConfigurationPlatforms) = postSolution
		{53895B6F-9840-4B22-A9F0-E27CC1B917C5}.Debug|x64.ActiveCfg = Debug|x64
		{53895B6F-9840-4B22-A9F0-E27CC1B917C5}.Debug|x64.Build.0 = Debug|x64
		{53895B6F-9840-4B22-A9F0-E27CC1B917C5}.Debug|x86.ActiveCfg = Debug|Win32
		{53895B6F-9840-4B22-A9F0-E27CC1B917C5}.Debug|x86.Build.0 = Debug|Win32
		{53895B6F-9840-4B22-A9F0-E27CC1B917C5}.Release|x64.ActiveCfg = Release|x64
		{53895B6F-9840-4B22-A9F0-E27CC1B917C5}.Release|x64.Build.0 = Release|x64
		{53895B6F-9840-4B22-A9F0-E27CC1B917C5}.Release|x86.ActiveCfg = Release|Win32
		{53895B6F-9840-4B22-A9F0-E27CC1B917C5}.Release|x86.Build.0 = Release|Win32
		{7AEFAA5C-7269-48F2-BC6D-6ABF7F3D9DFF}.Debug|x64.ActiveCfg = Debug|x64
		{7AEFAA5C-7269-48F2-BC6D-6ABF7F3D9DFF}.Debug|x64.Build.0 = Debug|x64
		{7AEFAA5C-7269-48F2-BC6D-6ABF7F3D9DFF}.Debug|x86.ActiveCfg = Debug|Win32
		{7AEFAA5C-7269-48F2-BC6D-6ABF7F3D9DFF}.Debug|x86.Build.0 = Debug|Win32
		{7AEFAA5C-7269-48F2-BC6D-6ABF7F3D9DFF}.Release|x64.ActiveCfg = Release|x64
		{7AEFAA5C-7269-48F2-BC6D-6ABF7F3D9DFF}.Release|x64.Build.0 = Release|x64
		{7AEFAA5C-7269-48F2-BC6D-6ABF7F3D9DFF}.Release|x86.ActiveCfg = Release|Win32
		{7AEFAA5C-7269-48F2-BC6D-6ABF7F3D9DFF}.Release|x86.Build.0 = Release|Win32
	EndGlobalSection
	GlobalSection(SolutionProperties) = preSolution
		HideSolutionNode = FALSE
	EndGlobalSection
	GlobalSection(ExtensibilityGlobals) = postSolution
		SolutionGuid = {B729128E-8A1C-481D-AC31-C6CDBB715299}
	EndGlobalSection
EndGlobal
